
Microsoft Visual Studio Solution File, Format Version 12.00
# Visual Studio Version 17
VisualStudioVersion = 17.11.35312.102
MinimumVisualStudioVersion = 10.0.40219.1
Project("{9A19103F-16F7-4668-BE54-9A1E7A4F7556}") = "CaseStudyPart2", "CaseStudyPart2\CaseStudyPart2.csproj", "{3A62F248-C9BF-47B5-B38C-827B76257983}"
EndProject
Project("{FAE04EC0-301F-11D3-BF4B-00C04F79EFBC}") = "Part2_WebApi", "Part2_WebApi\Part2_WebApi.csproj", "{039E5F76-9647-46B3-8388-76F11BEA9532}"
EndProject
Global
	GlobalSection(SolutionConfigurationPlatforms) = preSolution
		Debug|Any CPU = Debug|Any CPU
		Release|Any CPU = Release|Any CPU
	EndGlobalSection
	GlobalSection(ProjectConfigurationPlatforms) = postSolution
		{3A62F248-C9BF-47B5-B38C-827B76257983}.Debug|Any CPU.ActiveCfg = Debug|Any CPU
		{3A62F248-C9BF-47B5-B38C-827B76257983}.Debug|Any CPU.Build.0 = Debug|Any CPU
		{3A62F248-C9BF-47B5-B38C-827B76257983}.Release|Any CPU.ActiveCfg = Release|Any CPU
		{3A62F248-C9BF-47B5-B38C-827B76257983}.Release|Any CPU.Build.0 = Release|Any CPU
		{039E5F76-9647-46B3-8388-76F11BEA9532}.Debug|Any CPU.ActiveCfg = Debug|Any CPU
		{039E5F76-9647-46B3-8388-76F11BEA9532}.Debug|Any CPU.Build.0 = Debug|Any CPU
		{039E5F76-9647-46B3-8388-76F11BEA9532}.Release|Any CPU.ActiveCfg = Release|Any CPU
		{039E5F76-9647-46B3-8388-76F11BEA9532}.Release|Any CPU.Build.0 = Release|Any CPU
	EndGlobalSection
	GlobalSection(SolutionProperties) = preSolution
		HideSolutionNode = FALSE
	EndGlobalSection
	GlobalSection(ExtensibilityGlobals) = postSolution
		SolutionGuid = {37579C03-600A-41C1-AB1D-482A6561619F}
	EndGlobalSection
EndGlobal
